
Microsoft Visual Studio Solution File, Format Version 12.00
# Visual Studio Version 17
VisualStudioVersion = 17.5.2.0
MinimumVisualStudioVersion = 10.0.40219.1
Project("{FAE04EC0-301F-11D3-BF4B-00C04F79EFBC}") = "WandleWheelhouse.Api", "WandleWheelhouse.Api.csproj", "{FD256670-A3B9-1210-06DB-79CC3DDB8F0C}"
EndProject
Global
	GlobalSection(SolutionConfigurationPlatforms) = preSolution
		Debug|Any CPU = Debug|Any CPU
		Debug|x64 = Debug|x64
		Debug|x86 = Debug|x86
		Release|Any CPU = Release|Any CPU
		Release|x64 = Release|x64
		Release|x86 = Release|x86
	EndGlobalSection
	GlobalSection(ProjectConfigurationPlatforms) = postSolution
		{FD256670-A3B9-1210-06DB-79CC3DDB8F0C}.Debug|Any CPU.ActiveCfg = Debug|Any CPU
		{FD256670-A3B9-1210-06DB-79CC3DDB8F0C}.Debug|Any CPU.Build.0 = Debug|Any CPU
		{FD256670-A3B9-1210-06DB-79CC3DDB8F0C}.Debug|x64.ActiveCfg = Debug|Any CPU
		{FD256670-A3B9-1210-06DB-79CC3DDB8F0C}.Debug|x64.Build.0 = Debug|Any CPU
		{FD256670-A3B9-1210-06DB-79CC3DDB8F0C}.Debug|x86.ActiveCfg = Debug|Any CPU
		{FD256670-A3B9-1210-06DB-79CC3DDB8F0C}.Debug|x86.Build.0 = Debug|Any CPU
		{FD256670-A3B9-1210-06DB-79CC3DDB8F0C}.Release|Any CPU.ActiveCfg = Release|Any CPU
		{FD256670-A3B9-1210-06DB-79CC3DDB8F0C}.Release|Any CPU.Build.0 = Release|Any CPU
		{FD256670-A3B9-1210-06DB-79CC3DDB8F0C}.Release|x64.ActiveCfg = Release|Any CPU
		{FD256670-A3B9-1210-06DB-79CC3DDB8F0C}.Release|x64.Build.0 = Release|Any CPU
		{FD256670-A3B9-1210-06DB-79CC3DDB8F0C}.Release|x86.ActiveCfg = Release|Any CPU
		{FD256670-A3B9-1210-06DB-79CC3DDB8F0C}.Release|x86.Build.0 = Release|Any CPU
	EndGlobalSection
	GlobalSection(SolutionProperties) = preSolution
		HideSolutionNode = FALSE
	EndGlobalSection
	GlobalSection(ExtensibilityGlobals) = postSolution
		SolutionGuid = {8A5226BE-ED2B-4BC1-84DB-B1BC7B74156C}
	EndGlobalSection
EndGlobal
